<Solution>
  <Folder Name="/src/">
    <Project Path="src/ZScheme.Cli/ZScheme.Cli.csproj" />
    <Project Path="src/ZScheme.Compiler/ZScheme.Compiler.csproj" />
    <Project Path="src/ZScheme.Fuzzer/ZScheme.Fuzzer.csproj" />
    <Project Path="src/ZScheme.Runtime/ZScheme.Runtime.csproj" />
    <Project Path="src/ZScheme.Formatter/ZScheme.Formatter.csproj" />
    <Project Path="src/ZScheme.LanguageServer/ZScheme.LanguageServer.csproj" />
    <Project Path="src/ZScheme.MacroDebugger/ZScheme.MacroDebugger.csproj" />
    <Project Path="src/ZScheme.Toolchain/ZScheme.Toolchain.csproj" />
    <Project Path="src/ZScheme.Zsup/ZScheme.Zsup.csproj" />
  </Folder>
  <Folder Name="/tests/">
    <Project Path="tests/ZScheme.Compiler.Tests/ZScheme.Compiler.Tests.csproj" />
    <Project Path="tests/ZScheme.Formatter.Tests/ZScheme.Formatter.Tests.csproj" />
    <Project Path="tests/ZScheme.LanguageServer.Tests/ZScheme.LanguageServer.Tests.csproj" />
    <Project Path="tests/ZScheme.Runtime.Tests/ZScheme.Runtime.Tests.csproj" />
    <Project Path="tests/ZScheme.MacroDebugger.Tests/ZScheme.MacroDebugger.Tests.csproj" />
    <Project Path="tests/ZScheme.Toolchain.Tests/ZScheme.Toolchain.Tests.csproj" />
    <Project Path="tests/ZScheme.Zsup.Tests/ZScheme.Zsup.Tests.csproj" />
  </Folder>
</Solution>
